// !$*UTF8*$!
{
	archiveVersion = 1;
	classes = {
	};
	objectVersion = 46;
	objects = {

/* Begin PBXBuildFile section */
		BF0C8540190F380D000D9AD9 /* flashicon72.png in Resources */ = {isa = PBXBuildFile; fileRef = BF0C853F190F380D000D9AD9 /* flashicon72.png */; };
		BF0C8542190F384F000D9AD9 /* flashicon76.png in Resources */ = {isa = PBXBuildFile; fileRef = BF0C8541190F384F000D9AD9 /* flashicon76.png */; };
		BF0C8544190F38DA000D9AD9 /* flashicon144.png in Resources */ = {isa = PBXBuildFile; fileRef = BF0C8543190F38DA000D9AD9 /* flashicon144.png */; };
		BF0C8546190F38E3000D9AD9 /* flashicon152.png in Resources */ = {isa = PBXBuildFile; fileRef = BF0C8545190F38E3000D9AD9 /* flashicon152.png */; };
		BF0C8549190F38F3000D9AD9 /* flashicon40.png in Resources */ = {isa = PBXBuildFile; fileRef = BF0C8547190F38F3000D9AD9 /* flashicon40.png */; };
		BF0C854A190F38F3000D9AD9 /* flashicon80.png in Resources */ = {isa = PBXBuildFile; fileRef = BF0C8548190F38F3000D9AD9 /* flashicon80.png */; };
		BF0C854D190F3906000D9AD9 /* flashicon29.png in Resources */ = {isa = PBXBuildFile; fileRef = BF0C854B190F3906000D9AD9 /* flashicon29.png */; };
		BF0C854E190F3906000D9AD9 /* flashicon58.png in Resources */ = {isa = PBXBuildFile; fileRef = BF0C854C190F3906000D9AD9 /* flashicon58.png */; };
		BF0C8551190F392D000D9AD9 /* flashicon50.png in Resources */ = {isa = PBXBuildFile; fileRef = BF0C854F190F392D000D9AD9 /* flashicon50.png */; };
		BF0C8552190F392D000D9AD9 /* flashicon100.png in Resources */ = {isa = PBXBuildFile; fileRef = BF0C8550190F392D000D9AD9 /* flashicon100.png */; };
		BF5E8E56190BE50E00953145 /* arrow.png in Resources */ = {isa = PBXBuildFile; fileRef = BF5E8E55190BE50E00953145 /* arrow.png */; };
		BF5E8E58190BFD5F00953145 /* kalvin_circle.png in Resources */ = {isa = PBXBuildFile; fileRef = BF5E8E57190BFD5F00953145 /* kalvin_circle.png */; };
		BF5E8E5C190BFE8600953145 /* kidtopper-75.png in Resources */ = {isa = PBXBuildFile; fileRef = BF5E8E5B190BFE8600953145 /* kidtopper-75.png */; };
		BF6A5E2B18F188D600274306 /* line1.png in Resources */ = {isa = PBXBuildFile; fileRef = BF6A5E2A18F188D600274306 /* line1.png */; };
		BF6A5E2D18F1893000274306 /* line2.png in Resources */ = {isa = PBXBuildFile; fileRef = BF6A5E2C18F1893000274306 /* line2.png */; };
		BF96E65718F02F4300C29774 /* Foundation.framework in Frameworks */ = {isa = PBXBuildFile; fileRef = BF96E65618F02F4300C29774 /* Foundation.framework */; };
		BF96E65918F02F4300C29774 /* CoreGraphics.framework in Frameworks */ = {isa = PBXBuildFile; fileRef = BF96E65818F02F4300C29774 /* CoreGraphics.framework */; };
		BF96E65B18F02F4300C29774 /* UIKit.framework in Frameworks */ = {isa = PBXBuildFile; fileRef = BF96E65A18F02F4300C29774 /* UIKit.framework */; };
		BF96E66118F02F4300C29774 /* InfoPlist.strings in Resources */ = {isa = PBXBuildFile; fileRef = BF96E65F18F02F4300C29774 /* InfoPlist.strings */; };
		BF96E66318F02F4300C29774 /* main.m in Sources */ = {isa = PBXBuildFile; fileRef = BF96E66218F02F4300C29774 /* main.m */; };
		BF96E66718F02F4300C29774 /* AppDelegate.m in Sources */ = {isa = PBXBuildFile; fileRef = BF96E66618F02F4300C29774 /* AppDelegate.m */; };
		BF96E66A18F02F4300C29774 /* Main.storyboard in Resources */ = {isa = PBXBuildFile; fileRef = BF96E66818F02F4300C29774 /* Main.storyboard */; };
		BF96E66D18F02F4300C29774 /* MainViewController.m in Sources */ = {isa = PBXBuildFile; fileRef = BF96E66C18F02F4300C29774 /* MainViewController.m */; };
		BF96E67018F02F4300C29774 /* FlipsideViewController.m in Sources */ = {isa = PBXBuildFile; fileRef = BF96E66F18F02F4300C29774 /* FlipsideViewController.m */; };
		BF96E67218F02F4300C29774 /* Images.xcassets in Resources */ = {isa = PBXBuildFile; fileRef = BF96E67118F02F4300C29774 /* Images.xcassets */; };
		BF96E67918F02F4300C29774 /* XCTest.framework in Frameworks */ = {isa = PBXBuildFile; fileRef = BF96E67818F02F4300C29774 /* XCTest.framework */; };
		BF96E67A18F02F4300C29774 /* Foundation.framework in Frameworks */ = {isa = PBXBuildFile; fileRef = BF96E65618F02F4300C29774 /* Foundation.framework */; };
		BF96E67B18F02F4300C29774 /* UIKit.framework in Frameworks */ = {isa = PBXBuildFile; fileRef = BF96E65A18F02F4300C29774 /* UIKit.framework */; };
		BF96E68318F02F4300C29774 /* InfoPlist.strings in Resources */ = {isa = PBXBuildFile; fileRef = BF96E68118F02F4300C29774 /* InfoPlist.strings */; };
		BF96E68518F02F4300C29774 /* FlashMathTests.m in Sources */ = {isa = PBXBuildFile; fileRef = BF96E68418F02F4300C29774 /* FlashMathTests.m */; };
		BF96E69018F0499B00C29774 /* FlashViewController.m in Sources */ = {isa = PBXBuildFile; fileRef = BF96E68F18F0499B00C29774 /* FlashViewController.m */; };
		BF96E69418F04D4E00C29774 /* kidtopper.png in Resources */ = {isa = PBXBuildFile; fileRef = BF96E69318F04D4E00C29774 /* kidtopper.png */; };
		BFA5A43B190F028800FC93C9 /* newbackarrow.png in Resources */ = {isa = PBXBuildFile; fileRef = BFA5A43A190F028800FC93C9 /* newbackarrow.png */; };
		BFA5A43F190F05AC00FC93C9 /* green.png in Resources */ = {isa = PBXBuildFile; fileRef = BFA5A43E190F05AC00FC93C9 /* green.png */; };
		BFAA3C58190ECA170041644D /* itunesartwork.jpg in Resources */ = {isa = PBXBuildFile; fileRef = BFAA3C57190ECA170041644D /* itunesartwork.jpg */; };
		BFAD3E9918F19B9D00D250F6 /* line2up.png in Resources */ = {isa = PBXBuildFile; fileRef = BFAD3E9818F19B9D00D250F6 /* line2up.png */; };
		BFAD3E9B18F19D4F00D250F6 /* line3up.png in Resources */ = {isa = PBXBuildFile; fileRef = BFAD3E9A18F19D4F00D250F6 /* line3up.png */; };
		BFAD3E9D18F19DC000D250F6 /* line4up.png in Resources */ = {isa = PBXBuildFile; fileRef = BFAD3E9C18F19DC000D250F6 /* line4up.png */; };
		BFC93BCB190C44A5007E51EE /* iAd.framework in Frameworks */ = {isa = PBXBuildFile; fileRef = BFC93BCA190C44A5007E51EE /* iAd.framework */; };
		BFEF1903190CA927004A768A /* line3.png in Resources */ = {isa = PBXBuildFile; fileRef = BFEF1902190CA927004A768A /* line3.png */; };
		BFEF1907190CAB8D004A768A /* rocket.png in Resources */ = {isa = PBXBuildFile; fileRef = BFEF1906190CAB8D004A768A /* rocket.png */; };
		BFEF190B190CAC46004A768A /* kalvinnrocket.png in Resources */ = {isa = PBXBuildFile; fileRef = BFEF190A190CAC46004A768A /* kalvinnrocket.png */; };
		BFEF190D190CAEB8004A768A /* FlashMath_launch.png in Resources */ = {isa = PBXBuildFile; fileRef = BFEF190C190CAEB8004A768A /* FlashMath_launch.png */; };
		BFEF1911190CAFAA004A768A /* FlashMath_mainmenu.png in Resources */ = {isa = PBXBuildFile; fileRef = BFEF1910190CAFAA004A768A /* FlashMath_mainmenu.png */; };
		BFEF1913190CB24E004A768A /* mathbutton.png in Resources */ = {isa = PBXBuildFile; fileRef = BFEF1912190CB24E004A768A /* mathbutton.png */; };
		BFEF1915190CB6AE004A768A /* FlashMath_main.png in Resources */ = {isa = PBXBuildFile; fileRef = BFEF1914190CB6AE004A768A /* FlashMath_main.png */; };
		BFEF1917190CB832004A768A /* popover.png in Resources */ = {isa = PBXBuildFile; fileRef = BFEF1916190CB832004A768A /* popover.png */; };
/* End PBXBuildFile section */

/* Begin PBXContainerItemProxy section */
		BF96E67C18F02F4300C29774 /* PBXContainerItemProxy */ = {
			isa = PBXContainerItemProxy;
			containerPortal = BF96E64B18F02F4300C29774 /* Project object */;
			proxyType = 1;
			remoteGlobalIDString = BF96E65218F02F4300C29774;
			remoteInfo = FlashMath;
		};
/* End PBXContainerItemProxy section */

/* Begin PBXFileReference section */
		BF0C853F190F380D000D9AD9 /* flashicon72.png */ = {isa = PBXFileReference; lastKnownFileType = image.png; path = flashicon72.png; sourceTree = "<group>"; };
		BF0C8541190F384F000D9AD9 /* flashicon76.png */ = {isa = PBXFileReference; lastKnownFileType = image.png; path = flashicon76.png; sourceTree = "<group>"; };
		BF0C8543190F38DA000D9AD9 /* flashicon144.png */ = {isa = PBXFileReference; lastKnownFileType = image.png; path = flashicon144.png; sourceTree = "<group>"; };
		BF0C8545190F38E3000D9AD9 /* flashicon152.png */ = {isa = PBXFileReference; lastKnownFileType = image.png; path = flashicon152.png; sourceTree = "<group>"; };
		BF0C8547190F38F3000D9AD9 /* flashicon40.png */ = {isa = PBXFileReference; lastKnownFileType = image.png; path = flashicon40.png; sourceTree = "<group>"; };
		BF0C8548190F38F3000D9AD9 /* flashicon80.png */ = {isa = PBXFileReference; lastKnownFileType = image.png; path = flashicon80.png; sourceTree = "<group>"; };
		BF0C854B190F3906000D9AD9 /* flashicon29.png */ = {isa = PBXFileReference; lastKnownFileType = image.png; path = flashicon29.png; sourceTree = "<group>"; };
		BF0C854C190F3906000D9AD9 /* flashicon58.png */ = {isa = PBXFileReference; lastKnownFileType = image.png; path = flashicon58.png; sourceTree = "<group>"; };
		BF0C854F190F392D000D9AD9 /* flashicon50.png */ = {isa = PBXFileReference; lastKnownFileType = image.png; path = flashicon50.png; sourceTree = "<group>"; };
		BF0C8550190F392D000D9AD9 /* flashicon100.png */ = {isa = PBXFileReference; lastKnownFileType = image.png; path = flashicon100.png; sourceTree = "<group>"; };
		BF5E8E55190BE50E00953145 /* arrow.png */ = {isa = PBXFileReference; lastKnownFileType = image.png; path = arrow.png; sourceTree = "<group>"; };
		BF5E8E57190BFD5F00953145 /* kalvin_circle.png */ = {isa = PBXFileReference; lastKnownFileType = image.png; path = kalvin_circle.png; sourceTree = "<group>"; };
		BF5E8E5B190BFE8600953145 /* kidtopper-75.png */ = {isa = PBXFileReference; lastKnownFileType = image.png; path = "kidtopper-75.png"; sourceTree = "<group>"; };
		BF6A5E2A18F188D600274306 /* line1.png */ = {isa = PBXFileReference; lastKnownFileType = image.png; path = line1.png; sourceTree = "<group>"; };
		BF6A5E2C18F1893000274306 /* line2.png */ = {isa = PBXFileReference; lastKnownFileType = image.png; path = line2.png; sourceTree = "<group>"; };
		BF96E65318F02F4300C29774 /* FlashMath.app */ = {isa = PBXFileReference; explicitFileType = wrapper.application; includeInIndex = 0; path = FlashMath.app; sourceTree = BUILT_PRODUCTS_DIR; };
		BF96E65618F02F4300C29774 /* Foundation.framework */ = {isa = PBXFileReference; lastKnownFileType = wrapper.framework; name = Foundation.framework; path = System/Library/Frameworks/Foundation.framework; sourceTree = SDKROOT; };
		BF96E65818F02F4300C29774 /* CoreGraphics.framework */ = {isa = PBXFileReference; lastKnownFileType = wrapper.framework; name = CoreGraphics.framework; path = System/Library/Frameworks/CoreGraphics.framework; sourceTree = SDKROOT; };
		BF96E65A18F02F4300C29774 /* UIKit.framework */ = {isa = PBXFileReference; lastKnownFileType = wrapper.framework; name = UIKit.framework; path = System/Library/Frameworks/UIKit.framework; sourceTree = SDKROOT; };
		BF96E65E18F02F4300C29774 /* FlashMath-Info.plist */ = {isa = PBXFileReference; lastKnownFileType = text.plist.xml; path = "FlashMath-Info.plist"; sourceTree = "<group>"; };
		BF96E66018F02F4300C29774 /* en */ = {isa = PBXFileReference; lastKnownFileType = text.plist.strings; name = en; path = en.lproj/InfoPlist.strings; sourceTree = "<group>"; };
		BF96E66218F02F4300C29774 /* main.m */ = {isa = PBXFileReference; lastKnownFileType = sourcecode.c.objc; path = main.m; sourceTree = "<group>"; };
		BF96E66418F02F4300C29774 /* FlashMath-Prefix.pch */ = {isa = PBXFileReference; lastKnownFileType = sourcecode.c.h; path = "FlashMath-Prefix.pch"; sourceTree = "<group>"; };
		BF96E66518F02F4300C29774 /* AppDelegate.h */ = {isa = PBXFileReference; lastKnownFileType = sourcecode.c.h; path = AppDelegate.h; sourceTree = "<group>"; };
		BF96E66618F02F4300C29774 /* AppDelegate.m */ = {isa = PBXFileReference; lastKnownFileType = sourcecode.c.objc; path = AppDelegate.m; sourceTree = "<group>"; };
		BF96E66918F02F4300C29774 /* Base */ = {isa = PBXFileReference; lastKnownFileType = file.storyboard; name = Base; path = Base.lproj/Main.storyboard; sourceTree = "<group>"; };
		BF96E66B18F02F4300C29774 /* MainViewController.h */ = {isa = PBXFileReference; lastKnownFileType = sourcecode.c.h; path = MainViewController.h; sourceTree = "<group>"; };
		BF96E66C18F02F4300C29774 /* MainViewController.m */ = {isa = PBXFileReference; lastKnownFileType = sourcecode.c.objc; path = MainViewController.m; sourceTree = "<group>"; };
		BF96E66E18F02F4300C29774 /* FlipsideViewController.h */ = {isa = PBXFileReference; lastKnownFileType = sourcecode.c.h; path = FlipsideViewController.h; sourceTree = "<group>"; };
		BF96E66F18F02F4300C29774 /* FlipsideViewController.m */ = {isa = PBXFileReference; lastKnownFileType = sourcecode.c.objc; path = FlipsideViewController.m; sourceTree = "<group>"; };
		BF96E67118F02F4300C29774 /* Images.xcassets */ = {isa = PBXFileReference; lastKnownFileType = folder.assetcatalog; path = Images.xcassets; sourceTree = "<group>"; };
		BF96E67718F02F4300C29774 /* FlashMathTests.xctest */ = {isa = PBXFileReference; explicitFileType = wrapper.cfbundle; includeInIndex = 0; path = FlashMathTests.xctest; sourceTree = BUILT_PRODUCTS_DIR; };
		BF96E67818F02F4300C29774 /* XCTest.framework */ = {isa = PBXFileReference; lastKnownFileType = wrapper.framework; name = XCTest.framework; path = Library/Frameworks/XCTest.framework; sourceTree = DEVELOPER_DIR; };
		BF96E68018F02F4300C29774 /* FlashMathTests-Info.plist */ = {isa = PBXFileReference; lastKnownFileType = text.plist.xml; path = "FlashMathTests-Info.plist"; sourceTree = "<group>"; };
		BF96E68218F02F4300C29774 /* en */ = {isa = PBXFileReference; lastKnownFileType = text.plist.strings; name = en; path = en.lproj/InfoPlist.strings; sourceTree = "<group>"; };
		BF96E68418F02F4300C29774 /* FlashMathTests.m */ = {isa = PBXFileReference; lastKnownFileType = sourcecode.c.objc; path = FlashMathTests.m; sourceTree = "<group>"; };
		BF96E68E18F0499B00C29774 /* FlashViewController.h */ = {isa = PBXFileReference; fileEncoding = 4; lastKnownFileType = sourcecode.c.h; path = FlashViewController.h; sourceTree = "<group>"; };
		BF96E68F18F0499B00C29774 /* FlashViewController.m */ = {isa = PBXFileReference; fileEncoding = 4; lastKnownFileType = sourcecode.c.objc; path = FlashViewController.m; sourceTree = "<group>"; };
		BF96E69318F04D4E00C29774 /* kidtopper.png */ = {isa = PBXFileReference; lastKnownFileType = image.png; path = kidtopper.png; sourceTree = "<group>"; };
		BFA5A43A190F028800FC93C9 /* newbackarrow.png */ = {isa = PBXFileReference; lastKnownFileType = image.png; path = newbackarrow.png; sourceTree = "<group>"; };
		BFA5A43E190F05AC00FC93C9 /* green.png */ = {isa = PBXFileReference; lastKnownFileType = image.png; path = green.png; sourceTree = "<group>"; };
		BFAA3C57190ECA170041644D /* itunesartwork.jpg */ = {isa = PBXFileReference; lastKnownFileType = image.jpeg; path = itunesartwork.jpg; sourceTree = "<group>"; };
		BFAD3E9818F19B9D00D250F6 /* line2up.png */ = {isa = PBXFileReference; lastKnownFileType = image.png; path = line2up.png; sourceTree = "<group>"; };
		BFAD3E9A18F19D4F00D250F6 /* line3up.png */ = {isa = PBXFileReference; lastKnownFileType = image.png; path = line3up.png; sourceTree = "<group>"; };
		BFAD3E9C18F19DC000D250F6 /* line4up.png */ = {isa = PBXFileReference; lastKnownFileType = image.png; path = line4up.png; sourceTree = "<group>"; };
		BFC93BCA190C44A5007E51EE /* iAd.framework */ = {isa = PBXFileReference; lastKnownFileType = wrapper.framework; name = iAd.framework; path = System/Library/Frameworks/iAd.framework; sourceTree = SDKROOT; };
		BFEF1902190CA927004A768A /* line3.png */ = {isa = PBXFileReference; lastKnownFileType = image.png; path = line3.png; sourceTree = "<group>"; };
		BFEF1906190CAB8D004A768A /* rocket.png */ = {isa = PBXFileReference; lastKnownFileType = image.png; path = rocket.png; sourceTree = "<group>"; };
		BFEF190A190CAC46004A768A /* kalvinnrocket.png */ = {isa = PBXFileReference; lastKnownFileType = image.png; path = kalvinnrocket.png; sourceTree = "<group>"; };
		BFEF190C190CAEB8004A768A /* FlashMath_launch.png */ = {isa = PBXFileReference; lastKnownFileType = image.png; path = FlashMath_launch.png; sourceTree = "<group>"; };
		BFEF1910190CAFAA004A768A /* FlashMath_mainmenu.png */ = {isa = PBXFileReference; lastKnownFileType = image.png; path = FlashMath_mainmenu.png; sourceTree = "<group>"; };
		BFEF1912190CB24E004A768A /* mathbutton.png */ = {isa = PBXFileReference; lastKnownFileType = image.png; path = mathbutton.png; sourceTree = "<group>"; };
		BFEF1914190CB6AE004A768A /* FlashMath_main.png */ = {isa = PBXFileReference; lastKnownFileType = image.png; path = FlashMath_main.png; sourceTree = "<group>"; };
		BFEF1916190CB832004A768A /* popover.png */ = {isa = PBXFileReference; lastKnownFileType = image.png; path = popover.png; sourceTree = "<group>"; };
/* End PBXFileReference section */

/* Begin PBXFrameworksBuildPhase section */
		BF96E65018F02F4300C29774 /* Frameworks */ = {
			isa = PBXFrameworksBuildPhase;
			buildActionMask = 2147483647;
			files = (
				BFC93BCB190C44A5007E51EE /* iAd.framework in Frameworks */,
				BF96E65918F02F4300C29774 /* CoreGraphics.framework in Frameworks */,
				BF96E65B18F02F4300C29774 /* UIKit.framework in Frameworks */,
				BF96E65718F02F4300C29774 /* Foundation.framework in Frameworks */,
			);
			runOnlyForDeploymentPostprocessing = 0;
		};
		BF96E67418F02F4300C29774 /* Frameworks */ = {
			isa = PBXFrameworksBuildPhase;
			buildActionMask = 2147483647;
			files = (
				BF96E67918F02F4300C29774 /* XCTest.framework in Frameworks */,
				BF96E67B18F02F4300C29774 /* UIKit.framework in Frameworks */,
				BF96E67A18F02F4300C29774 /* Foundation.framework in Frameworks */,
			);
			runOnlyForDeploymentPostprocessing = 0;
		};
/* End PBXFrameworksBuildPhase section */

/* Begin PBXGroup section */
		BF96E64A18F02F4300C29774 = {
			isa = PBXGroup;
			children = (
				BF0C854F190F392D000D9AD9 /* flashicon50.png */,
				BF0C8550190F392D000D9AD9 /* flashicon100.png */,
				BF0C8545190F38E3000D9AD9 /* flashicon152.png */,
				BF0C854B190F3906000D9AD9 /* flashicon29.png */,
				BF0C854C190F3906000D9AD9 /* flashicon58.png */,
				BF0C8547190F38F3000D9AD9 /* flashicon40.png */,
				BF0C8548190F38F3000D9AD9 /* flashicon80.png */,
				BF0C8541190F384F000D9AD9 /* flashicon76.png */,
				BF0C8543190F38DA000D9AD9 /* flashicon144.png */,
				BF0C853F190F380D000D9AD9 /* flashicon72.png */,
				BFAA3C57190ECA170041644D /* itunesartwork.jpg */,
				BFA5A43E190F05AC00FC93C9 /* green.png */,
				BFA5A43A190F028800FC93C9 /* newbackarrow.png */,
				BFEF1914190CB6AE004A768A /* FlashMath_main.png */,
				BFEF1916190CB832004A768A /* popover.png */,
				BFEF1912190CB24E004A768A /* mathbutton.png */,
				BFEF1910190CAFAA004A768A /* FlashMath_mainmenu.png */,
				BFEF190C190CAEB8004A768A /* FlashMath_launch.png */,
				BFEF190A190CAC46004A768A /* kalvinnrocket.png */,
				BFEF1902190CA927004A768A /* line3.png */,
				BFEF1906190CAB8D004A768A /* rocket.png */,
				BF5E8E5B190BFE8600953145 /* kidtopper-75.png */,
				BF5E8E55190BE50E00953145 /* arrow.png */,
				BFAD3E9818F19B9D00D250F6 /* line2up.png */,
				BF5E8E57190BFD5F00953145 /* kalvin_circle.png */,
				BFAD3E9C18F19DC000D250F6 /* line4up.png */,
				BFAD3E9A18F19D4F00D250F6 /* line3up.png */,
				BF6A5E2C18F1893000274306 /* line2.png */,
				BF96E69318F04D4E00C29774 /* kidtopper.png */,
				BF6A5E2A18F188D600274306 /* line1.png */,
				BF96E65C18F02F4300C29774 /* FlashMath */,
				BF96E67E18F02F4300C29774 /* FlashMathTests */,
				BF96E65518F02F4300C29774 /* Frameworks */,
				BF96E65418F02F4300C29774 /* Products */,
			);
			sourceTree = "<group>";
		};
		BF96E65418F02F4300C29774 /* Products */ = {
			isa = PBXGroup;
			children = (
				BF96E65318F02F4300C29774 /* FlashMath.app */,
				BF96E67718F02F4300C29774 /* FlashMathTests.xctest */,
			);
			name = Products;
			sourceTree = "<group>";
		};
		BF96E65518F02F4300C29774 /* Frameworks */ = {
			isa = PBXGroup;
			children = (
				BFC93BCA190C44A5007E51EE /* iAd.framework */,
				BF96E65618F02F4300C29774 /* Foundation.framework */,
				BF96E65818F02F4300C29774 /* CoreGraphics.framework */,
				BF96E65A18F02F4300C29774 /* UIKit.framework */,
				BF96E67818F02F4300C29774 /* XCTest.framework */,
			);
			name = Frameworks;
			sourceTree = "<group>";
		};
		BF96E65C18F02F4300C29774 /* FlashMath */ = {
			isa = PBXGroup;
			children = (
				BF96E66518F02F4300C29774 /* AppDelegate.h */,
				BF96E66618F02F4300C29774 /* AppDelegate.m */,
				BF96E66818F02F4300C29774 /* Main.storyboard */,
				BF96E66B18F02F4300C29774 /* MainViewController.h */,
				BF96E66C18F02F4300C29774 /* MainViewController.m */,
				BF96E68E18F0499B00C29774 /* FlashViewController.h */,
				BF96E68F18F0499B00C29774 /* FlashViewController.m */,
				BF96E66E18F02F4300C29774 /* FlipsideViewController.h */,
				BF96E66F18F02F4300C29774 /* FlipsideViewController.m */,
				BF96E67118F02F4300C29774 /* Images.xcassets */,
				BF96E65D18F02F4300C29774 /* Supporting Files */,
			);
			path = FlashMath;
			sourceTree = "<group>";
		};
		BF96E65D18F02F4300C29774 /* Supporting Files */ = {
			isa = PBXGroup;
			children = (
				BF96E65E18F02F4300C29774 /* FlashMath-Info.plist */,
				BF96E65F18F02F4300C29774 /* InfoPlist.strings */,
				BF96E66218F02F4300C29774 /* main.m */,
				BF96E66418F02F4300C29774 /* FlashMath-Prefix.pch */,
			);
			name = "Supporting Files";
			sourceTree = "<group>";
		};
		BF96E67E18F02F4300C29774 /* FlashMathTests */ = {
			isa = PBXGroup;
			children = (
				BF96E68418F02F4300C29774 /* FlashMathTests.m */,
				BF96E67F18F02F4300C29774 /* Supporting Files */,
			);
			path = FlashMathTests;
			sourceTree = "<group>";
		};
		BF96E67F18F02F4300C29774 /* Supporting Files */ = {
			isa = PBXGroup;
			children = (
				BF96E68018F02F4300C29774 /* FlashMathTests-Info.plist */,
				BF96E68118F02F4300C29774 /* InfoPlist.strings */,
			);
			name = "Supporting Files";
			sourceTree = "<group>";
		};
/* End PBXGroup section */

/* Begin PBXNativeTarget section */
		BF96E65218F02F4300C29774 /* FlashMath */ = {
			isa = PBXNativeTarget;
			buildConfigurationList = BF96E68818F02F4300C29774 /* Build configuration list for PBXNativeTarget "FlashMath" */;
			buildPhases = (
				BF96E64F18F02F4300C29774 /* Sources */,
				BF96E65018F02F4300C29774 /* Frameworks */,
				BF96E65118F02F4300C29774 /* Resources */,
			);
			buildRules = (
			);
			dependencies = (
			);
			name = FlashMath;
			productName = FlashMath;
			productReference = BF96E65318F02F4300C29774 /* FlashMath.app */;
			productType = "com.apple.product-type.application";
		};
		BF96E67618F02F4300C29774 /* FlashMathTests */ = {
			isa = PBXNativeTarget;
			buildConfigurationList = BF96E68B18F02F4300C29774 /* Build configuration list for PBXNativeTarget "FlashMathTests" */;
			buildPhases = (
				BF96E67318F02F4300C29774 /* Sources */,
				BF96E67418F02F4300C29774 /* Frameworks */,
				BF96E67518F02F4300C29774 /* Resources */,
			);
			buildRules = (
			);
			dependencies = (
				BF96E67D18F02F4300C29774 /* PBXTargetDependency */,
			);
			name = FlashMathTests;
			productName = FlashMathTests;
			productReference = BF96E67718F02F4300C29774 /* FlashMathTests.xctest */;
			productType = "com.apple.product-type.bundle.unit-test";
		};
/* End PBXNativeTarget section */

/* Begin PBXProject section */
		BF96E64B18F02F4300C29774 /* Project object */ = {
			isa = PBXProject;
			attributes = {
				LastUpgradeCheck = 0510;
				ORGANIZATIONNAME = KeithMobile;
				TargetAttributes = {
					BF96E65218F02F4300C29774 = {
						DevelopmentTeam = QAJNCNA729;
					};
					BF96E67618F02F4300C29774 = {
						TestTargetID = BF96E65218F02F4300C29774;
					};
				};
			};
			buildConfigurationList = BF96E64E18F02F4300C29774 /* Build configuration list for PBXProject "FlashMath" */;
			compatibilityVersion = "Xcode 3.2";
			developmentRegion = English;
			hasScannedForEncodings = 0;
			knownRegions = (
				en,
				Base,
			);
			mainGroup = BF96E64A18F02F4300C29774;
			productRefGroup = BF96E65418F02F4300C29774 /* Products */;
			projectDirPath = "";
			projectRoot = "";
			targets = (
				BF96E65218F02F4300C29774 /* FlashMath */,
				BF96E67618F02F4300C29774 /* FlashMathTests */,
			);
		};
/* End PBXProject section */

/* Begin PBXResourcesBuildPhase section */
		BF96E65118F02F4300C29774 /* Resources */ = {
			isa = PBXResourcesBuildPhase;
			buildActionMask = 2147483647;
			files = (
				BFEF1911190CAFAA004A768A /* FlashMath_mainmenu.png in Resources */,
				BFA5A43F190F05AC00FC93C9 /* green.png in Resources */,
				BFA5A43B190F028800FC93C9 /* newbackarrow.png in Resources */,
				BF96E67218F02F4300C29774 /* Images.xcassets in Resources */,
				BF96E66118F02F4300C29774 /* InfoPlist.strings in Resources */,
				BF0C8544190F38DA000D9AD9 /* flashicon144.png in Resources */,
				BFEF190D190CAEB8004A768A /* FlashMath_launch.png in Resources */,
				BF5E8E58190BFD5F00953145 /* kalvin_circle.png in Resources */,
				BFEF1915190CB6AE004A768A /* FlashMath_main.png in Resources */,
				BF96E69418F04D4E00C29774 /* kidtopper.png in Resources */,
				BF0C8552190F392D000D9AD9 /* flashicon100.png in Resources */,
				BF0C854D190F3906000D9AD9 /* flashicon29.png in Resources */,
				BF96E66A18F02F4300C29774 /* Main.storyboard in Resources */,
				BF0C8540190F380D000D9AD9 /* flashicon72.png in Resources */,
				BFEF1907190CAB8D004A768A /* rocket.png in Resources */,
				BFEF1913190CB24E004A768A /* mathbutton.png in Resources */,
				BF0C854E190F3906000D9AD9 /* flashicon58.png in Resources */,
				BF0C8542190F384F000D9AD9 /* flashicon76.png in Resources */,
				BFEF1903190CA927004A768A /* line3.png in Resources */,
				BFAD3E9918F19B9D00D250F6 /* line2up.png in Resources */,
				BF5E8E56190BE50E00953145 /* arrow.png in Resources */,
				BF6A5E2B18F188D600274306 /* line1.png in Resources */,
				BFEF190B190CAC46004A768A /* kalvinnrocket.png in Resources */,
				BF6A5E2D18F1893000274306 /* line2.png in Resources */,
				BFAD3E9B18F19D4F00D250F6 /* line3up.png in Resources */,
				BFEF1917190CB832004A768A /* popover.png in Resources */,
				BF5E8E5C190BFE8600953145 /* kidtopper-75.png in Resources */,
				BF0C854A190F38F3000D9AD9 /* flashicon80.png in Resources */,
				BFAA3C58190ECA170041644D /* itunesartwork.jpg in Resources */,
				BF0C8549190F38F3000D9AD9 /* flashicon40.png in Resources */,
				BF0C8546190F38E3000D9AD9 /* flashicon152.png in Resources */,
				BF0C8551190F392D000D9AD9 /* flashicon50.png in Resources */,
				BFAD3E9D18F19DC000D250F6 /* line4up.png in Resources */,
			);
			runOnlyForDeploymentPostprocessing = 0;
		};
		BF96E67518F02F4300C29774 /* Resources */ = {
			isa = PBXResourcesBuildPhase;
			buildActionMask = 2147483647;
			files = (
				BF96E68318F02F4300C29774 /* InfoPlist.strings in Resources */,
			);
			runOnlyForDeploymentPostprocessing = 0;
		};
/* End PBXResourcesBuildPhase section */

/* Begin PBXSourcesBuildPhase section */
		BF96E64F18F02F4300C29774 /* Sources */ = {
			isa = PBXSourcesBuildPhase;
			buildActionMask = 2147483647;
			files = (
				BF96E69018F0499B00C29774 /* FlashViewController.m in Sources */,
				BF96E66718F02F4300C29774 /* AppDelegate.m in Sources */,
				BF96E66D18F02F4300C29774 /* MainViewController.m in Sources */,
				BF96E67018F02F4300C29774 /* FlipsideViewController.m in Sources */,
				BF96E66318F02F4300C29774 /* main.m in Sources */,
			);
			runOnlyForDeploymentPostprocessing = 0;
		};
		BF96E67318F02F4300C29774 /* Sources */ = {
			isa = PBXSourcesBuildPhase;
			buildActionMask = 2147483647;
			files = (
				BF96E68518F02F4300C29774 /* FlashMathTests.m in Sources */,
			);
			runOnlyForDeploymentPostprocessing = 0;
		};
/* End PBXSourcesBuildPhase section */

/* Begin PBXTargetDependency section */
		BF96E67D18F02F4300C29774 /* PBXTargetDependency */ = {
			isa = PBXTargetDependency;
			target = BF96E65218F02F4300C29774 /* FlashMath */;
			targetProxy = BF96E67C18F02F4300C29774 /* PBXContainerItemProxy */;
		};
/* End PBXTargetDependency section */

/* Begin PBXVariantGroup section */
		BF96E65F18F02F4300C29774 /* InfoPlist.strings */ = {
			isa = PBXVariantGroup;
			children = (
				BF96E66018F02F4300C29774 /* en */,
			);
			name = InfoPlist.strings;
			sourceTree = "<group>";
		};
		BF96E66818F02F4300C29774 /* Main.storyboard */ = {
			isa = PBXVariantGroup;
			children = (
				BF96E66918F02F4300C29774 /* Base */,
			);
			name = Main.storyboard;
			sourceTree = "<group>";
		};
		BF96E68118F02F4300C29774 /* InfoPlist.strings */ = {
			isa = PBXVariantGroup;
			children = (
				BF96E68218F02F4300C29774 /* en */,
			);
			name = InfoPlist.strings;
			sourceTree = "<group>";
		};
/* End PBXVariantGroup section */

/* Begin XCBuildConfiguration section */
		BF96E68618F02F4300C29774 /* Debug */ = {
			isa = XCBuildConfiguration;
			buildSettings = {
				ALWAYS_SEARCH_USER_PATHS = NO;
				CLANG_CXX_LANGUAGE_STANDARD = "gnu++0x";
				CLANG_CXX_LIBRARY = "libc++";
				CLANG_ENABLE_MODULES = YES;
				CLANG_ENABLE_OBJC_ARC = YES;
				CLANG_WARN_BOOL_CONVERSION = YES;
				CLANG_WARN_CONSTANT_CONVERSION = YES;
				CLANG_WARN_DIRECT_OBJC_ISA_USAGE = YES_ERROR;
				CLANG_WARN_EMPTY_BODY = YES;
				CLANG_WARN_ENUM_CONVERSION = YES;
				CLANG_WARN_INT_CONVERSION = YES;
				CLANG_WARN_OBJC_ROOT_CLASS = YES_ERROR;
				CLANG_WARN__DUPLICATE_METHOD_MATCH = YES;
				CODE_SIGN_IDENTITY = "iPhone Distribution: Keith Bailly (QAJNCNA729)";
				"CODE_SIGN_IDENTITY[sdk=iphoneos*]" = "iPhone Distribution: Keith Bailly (QAJNCNA729)";
				COPY_PHASE_STRIP = YES;
				GCC_C_LANGUAGE_STANDARD = gnu99;
				GCC_DYNAMIC_NO_PIC = NO;
				GCC_OPTIMIZATION_LEVEL = 0;
				GCC_PREPROCESSOR_DEFINITIONS = (
					"DEBUG=1",
					"$(inherited)",
				);
				GCC_SYMBOLS_PRIVATE_EXTERN = NO;
				GCC_WARN_64_TO_32_BIT_CONVERSION = YES;
				GCC_WARN_ABOUT_RETURN_TYPE = YES_ERROR;
				GCC_WARN_UNDECLARED_SELECTOR = YES;
				GCC_WARN_UNINITIALIZED_AUTOS = YES_AGGRESSIVE;
				GCC_WARN_UNUSED_FUNCTION = YES;
				GCC_WARN_UNUSED_VARIABLE = YES;
				IPHONEOS_DEPLOYMENT_TARGET = 6.0;
				ONLY_ACTIVE_ARCH = YES;
				PROVISIONING_PROFILE = "B86586E7-56A5-45BE-B968-DEB104F33ACC";
				SDKROOT = iphoneos7.1;
				TARGETED_DEVICE_FAMILY = 2;
				VALIDATE_PRODUCT = YES;
			};
			name = Debug;
		};
		BF96E68718F02F4300C29774 /* Release */ = {
			isa = XCBuildConfiguration;
			buildSettings = {
				ALWAYS_SEARCH_USER_PATHS = NO;
				CLANG_CXX_LANGUAGE_STANDARD = "gnu++0x";
				CLANG_CXX_LIBRARY = "libc++";
				CLANG_ENABLE_MODULES = YES;
				CLANG_ENABLE_OBJC_ARC = YES;
				CLANG_WARN_BOOL_CONVERSION = YES;
				CLANG_WARN_CONSTANT_CONVERSION = YES;
				CLANG_WARN_DIRECT_OBJC_ISA_USAGE = YES_ERROR;
				CLANG_WARN_EMPTY_BODY = YES;
				CLANG_WARN_ENUM_CONVERSION = YES;
				CLANG_WARN_INT_CONVERSION = YES;
				CLANG_WARN_OBJC_ROOT_CLASS = YES_ERROR;
				CLANG_WARN__DUPLICATE_METHOD_MATCH = YES;
				CODE_SIGN_IDENTITY = "iPhone Distribution: Keith Bailly (QAJNCNA729)";
				"CODE_SIGN_IDENTITY[sdk=iphoneos7.1]" = "iPhone Distribution: Keith Bailly (QAJNCNA729)";
				COPY_PHASE_STRIP = YES;
				ENABLE_NS_ASSERTIONS = NO;
				GCC_C_LANGUAGE_STANDARD = gnu99;
				GCC_WARN_64_TO_32_BIT_CONVERSION = YES;
				GCC_WARN_ABOUT_RETURN_TYPE = YES_ERROR;
				GCC_WARN_UNDECLARED_SELECTOR = YES;
				GCC_WARN_UNINITIALIZED_AUTOS = YES_AGGRESSIVE;
				GCC_WARN_UNUSED_FUNCTION = YES;
				GCC_WARN_UNUSED_VARIABLE = YES;
				IPHONEOS_DEPLOYMENT_TARGET = 6.0;
				ONLY_ACTIVE_ARCH = YES;
				PROVISIONING_PROFILE = "B86586E7-56A5-45BE-B968-DEB104F33ACC";
				SDKROOT = iphoneos7.1;
				TARGETED_DEVICE_FAMILY = 2;
				VALIDATE_PRODUCT = YES;
			};
			name = Release;
		};
		BF96E68918F02F4300C29774 /* Debug */ = {
			isa = XCBuildConfiguration;
			buildSettings = {
				ASSETCATALOG_COMPILER_LAUNCHIMAGE_NAME = LaunchImage;
				CODE_SIGN_IDENTITY = "iPhone Developer";
				"CODE_SIGN_IDENTITY[sdk=iphoneos*]" = "iPhone Developer";
				GCC_PRECOMPILE_PREFIX_HEADER = YES;
				GCC_PREFIX_HEADER = "FlashMath/FlashMath-Prefix.pch";
				INFOPLIST_FILE = "FlashMath/FlashMath-Info.plist";
				PRODUCT_NAME = FlashMath;
				PROVISIONING_PROFILE = "";
				TARGETED_DEVICE_FAMILY = 2;
				WRAPPER_EXTENSION = app;
			};
			name = Debug;
		};
		BF96E68A18F02F4300C29774 /* Release */ = {
			isa = XCBuildConfiguration;
			buildSettings = {
				ASSETCATALOG_COMPILER_LAUNCHIMAGE_NAME = LaunchImage;
				CODE_SIGN_IDENTITY = "iPhone Developer";
				"CODE_SIGN_IDENTITY[sdk=iphoneos*]" = "iPhone Developer";
				GCC_PRECOMPILE_PREFIX_HEADER = YES;
				GCC_PREFIX_HEADER = "FlashMath/FlashMath-Prefix.pch";
				INFOPLIST_FILE = "FlashMath/FlashMath-Info.plist";
				PRODUCT_NAME = FlashMath;
				PROVISIONING_PROFILE = "";
				TARGETED_DEVICE_FAMILY = 2;
				WRAPPER_EXTENSION = app;
			};
			name = Release;
		};
		BF96E68C18F02F4300C29774 /* Debug */ = {
			isa = XCBuildConfiguration;
			buildSettings = {
				BUNDLE_LOADER = "$(BUILT_PRODUCTS_DIR)/FlashMath.app/FlashMath";
				FRAMEWORK_SEARCH_PATHS = (
					"$(SDKROOT)/Developer/Library/Frameworks",
					"$(inherited)",
					"$(DEVELOPER_FRAMEWORKS_DIR)",
				);
				GCC_PRECOMPILE_PREFIX_HEADER = YES;
				GCC_PREFIX_HEADER = "FlashMath/FlashMath-Prefix.pch";
				GCC_PREPROCESSOR_DEFINITIONS = (
					"DEBUG=1",
					"$(inherited)",
				);
				INFOPLIST_FILE = "FlashMathTests/FlashMathTests-Info.plist";
				PRODUCT_NAME = FlashMathTests;
				TEST_HOST = "$(BUNDLE_LOADER)";
				WRAPPER_EXTENSION = xctest;
			};
			name = Debug;
		};
		BF96E68D18F02F4300C29774 /* Release */ = {
			isa = XCBuildConfiguration;
			buildSettings = {
				BUNDLE_LOADER = "$(BUILT_PRODUCTS_DIR)/FlashMath.app/FlashMath";
				FRAMEWORK_SEARCH_PATHS = (
					"$(SDKROOT)/Developer/Library/Frameworks",
					"$(inherited)",
					"$(DEVELOPER_FRAMEWORKS_DIR)",
				);
				GCC_PRECOMPILE_PREFIX_HEADER = YES;
				GCC_PREFIX_HEADER = "FlashMath/FlashMath-Prefix.pch";
				INFOPLIST_FILE = "FlashMathTests/FlashMathTests-Info.plist";
				PRODUCT_NAME = FlashMathTests;
				TEST_HOST = "$(BUNDLE_LOADER)";
				WRAPPER_EXTENSION = xctest;
			};
			name = Release;
		};
/* End XCBuildConfiguration section */

/* Begin XCConfigurationList section */
		BF96E64E18F02F4300C29774 /* Build configuration list for PBXProject "FlashMath" */ = {
			isa = XCConfigurationList;
			buildConfigurations = (
				BF96E68618F02F4300C29774 /* Debug */,
				BF96E68718F02F4300C29774 /* Release */,
			);
			defaultConfigurationIsVisible = 0;
			defaultConfigurationName = Release;
		};
		BF96E68818F02F4300C29774 /* Build configuration list for PBXNativeTarget "FlashMath" */ = {
			isa = XCConfigurationList;
			buildConfigurations = (
				BF96E68918F02F4300C29774 /* Debug */,
				BF96E68A18F02F4300C29774 /* Release */,
			);
			defaultConfigurationIsVisible = 0;
			defaultConfigurationName = Release;
		};
		BF96E68B18F02F4300C29774 /* Build configuration list for PBXNativeTarget "FlashMathTests" */ = {
			isa = XCConfigurationList;
			buildConfigurations = (
				BF96E68C18F02F4300C29774 /* Debug */,
				BF96E68D18F02F4300C29774 /* Release */,
			);
			defaultConfigurationIsVisible = 0;
			defaultConfigurationName = Release;
		};
/* End XCConfigurationList section */
	};
	rootObject = BF96E64B18F02F4300C29774 /* Project object */;
}
